// !$*UTF8*$!
{
	archiveVersion = 1;
	classes = {
	};
	objectVersion = 56;
	objects = {

/* Begin PBXBuildFile section */
		6D451C24291042BE00D4DFFB /* MintView.swift in Sources */ = {isa = PBXBuildFile; fileRef = 6D451C23291042BE00D4DFFB /* MintView.swift */; };
		6D8F366F2901B7A90076B5CC /* SampleAppApp.swift in Sources */ = {isa = PBXBuildFile; fileRef = 6D8F366E2901B7A90076B5CC /* SampleAppApp.swift */; };
		6D8F36732901B7AA0076B5CC /* Assets.xcassets in Resources */ = {isa = PBXBuildFile; fileRef = 6D8F36722901B7AA0076B5CC /* Assets.xcassets */; };
		6D8F36762901B7AA0076B5CC /* Preview Assets.xcassets in Resources */ = {isa = PBXBuildFile; fileRef = 6D8F36752901B7AA0076B5CC /* Preview Assets.xcassets */; };
		6D8F367E2906B5570076B5CC /* Metaplex in Frameworks */ = {isa = PBXBuildFile; productRef = 6D8F367D2906B5570076B5CC /* Metaplex */; };
		6D8F36812906B6060076B5CC /* XCTest.framework in Frameworks */ = {isa = PBXBuildFile; fileRef = 6D8F36802906B6060076B5CC /* XCTest.framework */; settings = {ATTRIBUTES = (Weak, ); }; };
		6D8F36852906B7060076B5CC /* ViewModel.swift in Sources */ = {isa = PBXBuildFile; fileRef = 6D8F36842906B7060076B5CC /* ViewModel.swift */; };
		6D8F36892907F6020076B5CC /* NFTView.swift in Sources */ = {isa = PBXBuildFile; fileRef = 6D8F36882907F6020076B5CC /* NFTView.swift */; };
		6D8F368C2907FE980076B5CC /* FetchedNFT.swift in Sources */ = {isa = PBXBuildFile; fileRef = 6D8F368B2907FE980076B5CC /* FetchedNFT.swift */; };
		6DB59F2A291D5835004C8257 /* NetworkingVM.swift in Sources */ = {isa = PBXBuildFile; fileRef = 6DB59F29291D5835004C8257 /* NetworkingVM.swift */; };
		6DB59F2C291D6F6A004C8257 /* Test-NFTFetch.swift in Sources */ = {isa = PBXBuildFile; fileRef = 6DB59F2B291D6F6A004C8257 /* Test-NFTFetch.swift */; };
		882C49B429257EB700391BB8 /* NFTAsyncImages.swift in Sources */ = {isa = PBXBuildFile; fileRef = 882C49B329257EB700391BB8 /* NFTAsyncImages.swift */; };
		8837FAA62909E78400BE192B /* LoginView.swift in Sources */ = {isa = PBXBuildFile; fileRef = 8837FAA52909E78400BE192B /* LoginView.swift */; };
		88D25B79291259B200DE6AE7 /* TopHalfNFTView.swift in Sources */ = {isa = PBXBuildFile; fileRef = 88D25B78291259B200DE6AE7 /* TopHalfNFTView.swift */; };
		88FBBD86290FC39C00EAE4F3 /* NFTDetailView.swift in Sources */ = {isa = PBXBuildFile; fileRef = 88FBBD85290FC39C00EAE4F3 /* NFTDetailView.swift */; };
/* End PBXBuildFile section */

/* Begin PBXFileReference section */
		6D451C23291042BE00D4DFFB /* MintView.swift */ = {isa = PBXFileReference; lastKnownFileType = sourcecode.swift; path = MintView.swift; sourceTree = "<group>"; };
		6D8F366B2901B7A90076B5CC /* SampleApp.app */ = {isa = PBXFileReference; explicitFileType = wrapper.application; includeInIndex = 0; path = SampleApp.app; sourceTree = BUILT_PRODUCTS_DIR; };
		6D8F366E2901B7A90076B5CC /* SampleAppApp.swift */ = {isa = PBXFileReference; lastKnownFileType = sourcecode.swift; path = SampleAppApp.swift; sourceTree = "<group>"; };
		6D8F36722901B7AA0076B5CC /* Assets.xcassets */ = {isa = PBXFileReference; lastKnownFileType = folder.assetcatalog; path = Assets.xcassets; sourceTree = "<group>"; };
		6D8F36752901B7AA0076B5CC /* Preview Assets.xcassets */ = {isa = PBXFileReference; lastKnownFileType = folder.assetcatalog; path = "Preview Assets.xcassets"; sourceTree = "<group>"; };
		6D8F36802906B6060076B5CC /* XCTest.framework */ = {isa = PBXFileReference; lastKnownFileType = wrapper.framework; name = XCTest.framework; path = Platforms/iPhoneOS.platform/Developer/Library/Frameworks/XCTest.framework; sourceTree = DEVELOPER_DIR; };
		6D8F36842906B7060076B5CC /* ViewModel.swift */ = {isa = PBXFileReference; lastKnownFileType = sourcecode.swift; path = ViewModel.swift; sourceTree = "<group>"; };
		6D8F36882907F6020076B5CC /* NFTView.swift */ = {isa = PBXFileReference; lastKnownFileType = sourcecode.swift; path = NFTView.swift; sourceTree = "<group>"; };
		6D8F368B2907FE980076B5CC /* FetchedNFT.swift */ = {isa = PBXFileReference; lastKnownFileType = sourcecode.swift; path = FetchedNFT.swift; sourceTree = "<group>"; };
		6DB59F29291D5835004C8257 /* NetworkingVM.swift */ = {isa = PBXFileReference; lastKnownFileType = sourcecode.swift; path = NetworkingVM.swift; sourceTree = "<group>"; };
		6DB59F2B291D6F6A004C8257 /* Test-NFTFetch.swift */ = {isa = PBXFileReference; lastKnownFileType = sourcecode.swift; path = "Test-NFTFetch.swift"; sourceTree = "<group>"; };
		882C49B329257EB700391BB8 /* NFTAsyncImages.swift */ = {isa = PBXFileReference; lastKnownFileType = sourcecode.swift; path = NFTAsyncImages.swift; sourceTree = "<group>"; };
		8837FAA52909E78400BE192B /* LoginView.swift */ = {isa = PBXFileReference; fileEncoding = 4; lastKnownFileType = sourcecode.swift; path = LoginView.swift; sourceTree = "<group>"; };
		88D25B78291259B200DE6AE7 /* TopHalfNFTView.swift */ = {isa = PBXFileReference; lastKnownFileType = sourcecode.swift; path = TopHalfNFTView.swift; sourceTree = "<group>"; };
		88FBBD85290FC39C00EAE4F3 /* NFTDetailView.swift */ = {isa = PBXFileReference; lastKnownFileType = sourcecode.swift; path = NFTDetailView.swift; sourceTree = "<group>"; };
/* End PBXFileReference section */

/* Begin PBXFrameworksBuildPhase section */
		6D8F36682901B7A90076B5CC /* Frameworks */ = {
			isa = PBXFrameworksBuildPhase;
			buildActionMask = 2147483647;
			files = (
				6D8F36812906B6060076B5CC /* XCTest.framework in Frameworks */,
				6D8F367E2906B5570076B5CC /* Metaplex in Frameworks */,
			);
			runOnlyForDeploymentPostprocessing = 0;
		};
/* End PBXFrameworksBuildPhase section */

/* Begin PBXGroup section */
		6D8F36622901B7A90076B5CC = {
			isa = PBXGroup;
			children = (
				6D8F366D2901B7A90076B5CC /* SampleApp */,
				6D8F366C2901B7A90076B5CC /* Products */,
				6D8F367F2906B6060076B5CC /* Frameworks */,
			);
			sourceTree = "<group>";
		};
		6D8F366C2901B7A90076B5CC /* Products */ = {
			isa = PBXGroup;
			children = (
				6D8F366B2901B7A90076B5CC /* SampleApp.app */,
			);
			name = Products;
			sourceTree = "<group>";
		};
		6D8F366D2901B7A90076B5CC /* SampleApp */ = {
			isa = PBXGroup;
			children = (
				6D8F368A2907FE780076B5CC /* Model */,
				6D8F36832906B6CC0076B5CC /* ViewModel */,
				6D8F36822906B6AC0076B5CC /* View */,
				6D8F366E2901B7A90076B5CC /* SampleAppApp.swift */,
				6D8F36722901B7AA0076B5CC /* Assets.xcassets */,
				6D8F36742901B7AA0076B5CC /* Preview Content */,
			);
			path = SampleApp;
			sourceTree = "<group>";
		};
		6D8F36742901B7AA0076B5CC /* Preview Content */ = {
			isa = PBXGroup;
			children = (
				6D8F36752901B7AA0076B5CC /* Preview Assets.xcassets */,
			);
			path = "Preview Content";
			sourceTree = "<group>";
		};
		6D8F367F2906B6060076B5CC /* Frameworks */ = {
			isa = PBXGroup;
			children = (
				6D8F36802906B6060076B5CC /* XCTest.framework */,
			);
			name = Frameworks;
			sourceTree = "<group>";
		};
		6D8F36822906B6AC0076B5CC /* View */ = {
			isa = PBXGroup;
			children = (
				8837FAA52909E78400BE192B /* LoginView.swift */,
				6D8F36882907F6020076B5CC /* NFTView.swift */,
				88FBBD85290FC39C00EAE4F3 /* NFTDetailView.swift */,
				6D451C23291042BE00D4DFFB /* MintView.swift */,
				88D25B78291259B200DE6AE7 /* TopHalfNFTView.swift */,
				6DB59F2B291D6F6A004C8257 /* Test-NFTFetch.swift */,
				882C49B329257EB700391BB8 /* NFTAsyncImages.swift */,
			);
			path = View;
			sourceTree = "<group>";
		};
		6D8F36832906B6CC0076B5CC /* ViewModel */ = {
			isa = PBXGroup;
			children = (
				6D8F36842906B7060076B5CC /* ViewModel.swift */,
				6DB59F29291D5835004C8257 /* NetworkingVM.swift */,
			);
			path = ViewModel;
			sourceTree = "<group>";
		};
		6D8F368A2907FE780076B5CC /* Model */ = {
			isa = PBXGroup;
			children = (
				6D8F368B2907FE980076B5CC /* FetchedNFT.swift */,
			);
			path = Model;
			sourceTree = "<group>";
		};
/* End PBXGroup section */

/* Begin PBXNativeTarget section */
		6D8F366A2901B7A90076B5CC /* SampleApp */ = {
			isa = PBXNativeTarget;
			buildConfigurationList = 6D8F36792901B7AA0076B5CC /* Build configuration list for PBXNativeTarget "SampleApp" */;
			buildPhases = (
				6D8F36672901B7A90076B5CC /* Sources */,
				6D8F36682901B7A90076B5CC /* Frameworks */,
				6D8F36692901B7A90076B5CC /* Resources */,
			);
			buildRules = (
			);
			dependencies = (
			);
			name = SampleApp;
			packageProductDependencies = (
				6D8F367D2906B5570076B5CC /* Metaplex */,
			);
			productName = SampleApp;
			productReference = 6D8F366B2901B7A90076B5CC /* SampleApp.app */;
			productType = "com.apple.product-type.application";
		};
/* End PBXNativeTarget section */

/* Begin PBXProject section */
		6D8F36632901B7A90076B5CC /* Project object */ = {
			isa = PBXProject;
			attributes = {
				BuildIndependentTargetsInParallel = 1;
				LastSwiftUpdateCheck = 1400;
				LastUpgradeCheck = 1400;
				TargetAttributes = {
					6D8F366A2901B7A90076B5CC = {
						CreatedOnToolsVersion = 14.0.1;
					};
				};
			};
			buildConfigurationList = 6D8F36662901B7A90076B5CC /* Build configuration list for PBXProject "SampleApp" */;
			compatibilityVersion = "Xcode 14.0";
			developmentRegion = en;
			hasScannedForEncodings = 0;
			knownRegions = (
				en,
				Base,
			);
			mainGroup = 6D8F36622901B7A90076B5CC;
			packageReferences = (
				6D8F367C2906B5570076B5CC /* XCRemoteSwiftPackageReference "metaplex-ios" */,
			);
			productRefGroup = 6D8F366C2901B7A90076B5CC /* Products */;
			projectDirPath = "";
			projectRoot = "";
			targets = (
				6D8F366A2901B7A90076B5CC /* SampleApp */,
			);
		};
/* End PBXProject section */

/* Begin PBXResourcesBuildPhase section */
		6D8F36692901B7A90076B5CC /* Resources */ = {
			isa = PBXResourcesBuildPhase;
			buildActionMask = 2147483647;
			files = (
				6D8F36762901B7AA0076B5CC /* Preview Assets.xcassets in Resources */,
				6D8F36732901B7AA0076B5CC /* Assets.xcassets in Resources */,
			);
			runOnlyForDeploymentPostprocessing = 0;
		};
/* End PBXResourcesBuildPhase section */

/* Begin PBXSourcesBuildPhase section */
		6D8F36672901B7A90076B5CC /* Sources */ = {
			isa = PBXSourcesBuildPhase;
			buildActionMask = 2147483647;
			files = (
				88D25B79291259B200DE6AE7 /* TopHalfNFTView.swift in Sources */,
				6D451C24291042BE00D4DFFB /* MintView.swift in Sources */,
				8837FAA62909E78400BE192B /* LoginView.swift in Sources */,
				6D8F368C2907FE980076B5CC /* FetchedNFT.swift in Sources */,
				6D8F36892907F6020076B5CC /* NFTView.swift in Sources */,
				6D8F36852906B7060076B5CC /* ViewModel.swift in Sources */,
				88FBBD86290FC39C00EAE4F3 /* NFTDetailView.swift in Sources */,
				882C49B429257EB700391BB8 /* NFTAsyncImages.swift in Sources */,
				6D8F366F2901B7A90076B5CC /* SampleAppApp.swift in Sources */,
				6DB59F2A291D5835004C8257 /* NetworkingVM.swift in Sources */,
				6DB59F2C291D6F6A004C8257 /* Test-NFTFetch.swift in Sources */,
			);
			runOnlyForDeploymentPostprocessing = 0;
		};
/* End PBXSourcesBuildPhase section */

/* Begin XCBuildConfiguration section */
		6D8F36772901B7AA0076B5CC /* Debug */ = {
			isa = XCBuildConfiguration;
			buildSettings = {
				ALWAYS_SEARCH_USER_PATHS = NO;
				CLANG_ANALYZER_NONNULL = YES;
				CLANG_ANALYZER_NUMBER_OBJECT_CONVERSION = YES_AGGRESSIVE;
				CLANG_CXX_LANGUAGE_STANDARD = "gnu++20";
				CLANG_ENABLE_MODULES = YES;
				CLANG_ENABLE_OBJC_ARC = YES;
				CLANG_ENABLE_OBJC_WEAK = YES;
				CLANG_WARN_BLOCK_CAPTURE_AUTORELEASING = YES;
				CLANG_WARN_BOOL_CONVERSION = YES;
				CLANG_WARN_COMMA = YES;
				CLANG_WARN_CONSTANT_CONVERSION = YES;
				CLANG_WARN_DEPRECATED_OBJC_IMPLEMENTATIONS = YES;
				CLANG_WARN_DIRECT_OBJC_ISA_USAGE = YES_ERROR;
				CLANG_WARN_DOCUMENTATION_COMMENTS = YES;
				CLANG_WARN_EMPTY_BODY = YES;
				CLANG_WARN_ENUM_CONVERSION = YES;
				CLANG_WARN_INFINITE_RECURSION = YES;
				CLANG_WARN_INT_CONVERSION = YES;
				CLANG_WARN_NON_LITERAL_NULL_CONVERSION = YES;
				CLANG_WARN_OBJC_IMPLICIT_RETAIN_SELF = YES;
				CLANG_WARN_OBJC_LITERAL_CONVERSION = YES;
				CLANG_WARN_OBJC_ROOT_CLASS = YES_ERROR;
				CLANG_WARN_QUOTED_INCLUDE_IN_FRAMEWORK_HEADER = YES;
				CLANG_WARN_RANGE_LOOP_ANALYSIS = YES;
				CLANG_WARN_STRICT_PROTOTYPES = YES;
				CLANG_WARN_SUSPICIOUS_MOVE = YES;
				CLANG_WARN_UNGUARDED_AVAILABILITY = YES_AGGRESSIVE;
				CLANG_WARN_UNREACHABLE_CODE = YES;
				CLANG_WARN__DUPLICATE_METHOD_MATCH = YES;
				COPY_PHASE_STRIP = NO;
				DEBUG_INFORMATION_FORMAT = dwarf;
				ENABLE_STRICT_OBJC_MSGSEND = YES;
				ENABLE_TESTABILITY = YES;
				GCC_C_LANGUAGE_STANDARD = gnu11;
				GCC_DYNAMIC_NO_PIC = NO;
				GCC_NO_COMMON_BLOCKS = YES;
				GCC_OPTIMIZATION_LEVEL = 0;
				GCC_PREPROCESSOR_DEFINITIONS = (
					"DEBUG=1",
					"$(inherited)",
				);
				GCC_WARN_64_TO_32_BIT_CONVERSION = YES;
				GCC_WARN_ABOUT_RETURN_TYPE = YES_ERROR;
				GCC_WARN_UNDECLARED_SELECTOR = YES;
				GCC_WARN_UNINITIALIZED_AUTOS = YES_AGGRESSIVE;
				GCC_WARN_UNUSED_FUNCTION = YES;
				GCC_WARN_UNUSED_VARIABLE = YES;
				IPHONEOS_DEPLOYMENT_TARGET = 16.0;
				MTL_ENABLE_DEBUG_INFO = INCLUDE_SOURCE;
				MTL_FAST_MATH = YES;
				ONLY_ACTIVE_ARCH = YES;
				SDKROOT = iphoneos;
				SWIFT_ACTIVE_COMPILATION_CONDITIONS = DEBUG;
				SWIFT_OPTIMIZATION_LEVEL = "-Onone";
			};
			name = Debug;
		};
		6D8F36782901B7AA0076B5CC /* Release */ = {
			isa = XCBuildConfiguration;
			buildSettings = {
				ALWAYS_SEARCH_USER_PATHS = NO;
				CLANG_ANALYZER_NONNULL = YES;
				CLANG_ANALYZER_NUMBER_OBJECT_CONVERSION = YES_AGGRESSIVE;
				CLANG_CXX_LANGUAGE_STANDARD = "gnu++20";
				CLANG_ENABLE_MODULES = YES;
				CLANG_ENABLE_OBJC_ARC = YES;
				CLANG_ENABLE_OBJC_WEAK = YES;
				CLANG_WARN_BLOCK_CAPTURE_AUTORELEASING = YES;
				CLANG_WARN_BOOL_CONVERSION = YES;
				CLANG_WARN_COMMA = YES;
				CLANG_WARN_CONSTANT_CONVERSION = YES;
				CLANG_WARN_DEPRECATED_OBJC_IMPLEMENTATIONS = YES;
				CLANG_WARN_DIRECT_OBJC_ISA_USAGE = YES_ERROR;
				CLANG_WARN_DOCUMENTATION_COMMENTS = YES;
				CLANG_WARN_EMPTY_BODY = YES;
				CLANG_WARN_ENUM_CONVERSION = YES;
				CLANG_WARN_INFINITE_RECURSION = YES;
				CLANG_WARN_INT_CONVERSION = YES;
				CLANG_WARN_NON_LITERAL_NULL_CONVERSION = YES;
				CLANG_WARN_OBJC_IMPLICIT_RETAIN_SELF = YES;
				CLANG_WARN_OBJC_LITERAL_CONVERSION = YES;
				CLANG_WARN_OBJC_ROOT_CLASS = YES_ERROR;
				CLANG_WARN_QUOTED_INCLUDE_IN_FRAMEWORK_HEADER = YES;
				CLANG_WARN_RANGE_LOOP_ANALYSIS = YES;
				CLANG_WARN_STRICT_PROTOTYPES = YES;
				CLANG_WARN_SUSPICIOUS_MOVE = YES;
				CLANG_WARN_UNGUARDED_AVAILABILITY = YES_AGGRESSIVE;
				CLANG_WARN_UNREACHABLE_CODE = YES;
				CLANG_WARN__DUPLICATE_METHOD_MATCH = YES;
				COPY_PHASE_STRIP = NO;
				DEBUG_INFORMATION_FORMAT = "dwarf-with-dsym";
				ENABLE_NS_ASSERTIONS = NO;
				ENABLE_STRICT_OBJC_MSGSEND = YES;
				GCC_C_LANGUAGE_STANDARD = gnu11;
				GCC_NO_COMMON_BLOCKS = YES;
				GCC_WARN_64_TO_32_BIT_CONVERSION = YES;
				GCC_WARN_ABOUT_RETURN_TYPE = YES_ERROR;
				GCC_WARN_UNDECLARED_SELECTOR = YES;
				GCC_WARN_UNINITIALIZED_AUTOS = YES_AGGRESSIVE;
				GCC_WARN_UNUSED_FUNCTION = YES;
				GCC_WARN_UNUSED_VARIABLE = YES;
				IPHONEOS_DEPLOYMENT_TARGET = 16.0;
				MTL_ENABLE_DEBUG_INFO = NO;
				MTL_FAST_MATH = YES;
				SDKROOT = iphoneos;
				SWIFT_COMPILATION_MODE = wholemodule;
				SWIFT_OPTIMIZATION_LEVEL = "-O";
				VALIDATE_PRODUCT = YES;
			};
			name = Release;
		};
		6D8F367A2901B7AA0076B5CC /* Debug */ = {
			isa = XCBuildConfiguration;
			buildSettings = {
				ASSETCATALOG_COMPILER_APPICON_NAME = AppIcon;
				ASSETCATALOG_COMPILER_GLOBAL_ACCENT_COLOR_NAME = AccentColor;
				CODE_SIGN_STYLE = Automatic;
				CURRENT_PROJECT_VERSION = 1;
				DEVELOPMENT_ASSET_PATHS = "\"SampleApp/Preview Content\"";
				DEVELOPMENT_TEAM = U23VWM3L5A;
				ENABLE_PREVIEWS = YES;
				GENERATE_INFOPLIST_FILE = YES;
				INFOPLIST_KEY_UIApplicationSceneManifest_Generation = YES;
				INFOPLIST_KEY_UIApplicationSupportsIndirectInputEvents = YES;
				INFOPLIST_KEY_UILaunchScreen_Generation = YES;
				INFOPLIST_KEY_UISupportedInterfaceOrientations_iPad = "UIInterfaceOrientationPortrait UIInterfaceOrientationPortraitUpsideDown UIInterfaceOrientationLandscapeLeft UIInterfaceOrientationLandscapeRight";
				INFOPLIST_KEY_UISupportedInterfaceOrientations_iPhone = "UIInterfaceOrientationPortrait UIInterfaceOrientationLandscapeLeft UIInterfaceOrientationLandscapeRight";
				LD_RUNPATH_SEARCH_PATHS = (
					"$(inherited)",
					"@executable_path/Frameworks",
				);
				MARKETING_VERSION = 1.0;
				PRODUCT_BUNDLE_IDENTIFIER = com.prabaljitwalia.SampleApp;
				PRODUCT_NAME = "$(TARGET_NAME)";
				SWIFT_EMIT_LOC_STRINGS = YES;
				SWIFT_VERSION = 5.0;
				TARGETED_DEVICE_FAMILY = "1,2";
			};
			name = Debug;
		};
		6D8F367B2901B7AA0076B5CC /* Release */ = {
			isa = XCBuildConfiguration;
			buildSettings = {
				ASSETCATALOG_COMPILER_APPICON_NAME = AppIcon;
				ASSETCATALOG_COMPILER_GLOBAL_ACCENT_COLOR_NAME = AccentColor;
				CODE_SIGN_STYLE = Automatic;
				CURRENT_PROJECT_VERSION = 1;
				DEVELOPMENT_ASSET_PATHS = "\"SampleApp/Preview Content\"";
				DEVELOPMENT_TEAM = U23VWM3L5A;
				ENABLE_PREVIEWS = YES;
				GENERATE_INFOPLIST_FILE = YES;
				INFOPLIST_KEY_UIApplicationSceneManifest_Generation = YES;
				INFOPLIST_KEY_UIApplicationSupportsIndirectInputEvents = YES;
				INFOPLIST_KEY_UILaunchScreen_Generation = YES;
				INFOPLIST_KEY_UISupportedInterfaceOrientations_iPad = "UIInterfaceOrientationPortrait UIInterfaceOrientationPortraitUpsideDown UIInterfaceOrientationLandscapeLeft UIInterfaceOrientationLandscapeRight";
				INFOPLIST_KEY_UISupportedInterfaceOrientations_iPhone = "UIInterfaceOrientationPortrait UIInterfaceOrientationLandscapeLeft UIInterfaceOrientationLandscapeRight";
				LD_RUNPATH_SEARCH_PATHS = (
					"$(inherited)",
					"@executable_path/Frameworks",
				);
				MARKETING_VERSION = 1.0;
				PRODUCT_BUNDLE_IDENTIFIER = com.prabaljitwalia.SampleApp;
				PRODUCT_NAME = "$(TARGET_NAME)";
				SWIFT_EMIT_LOC_STRINGS = YES;
				SWIFT_VERSION = 5.0;
				TARGETED_DEVICE_FAMILY = "1,2";
			};
			name = Release;
		};
/* End XCBuildConfiguration section */

/* Begin XCConfigurationList section */
		6D8F36662901B7A90076B5CC /* Build configuration list for PBXProject "SampleApp" */ = {
			isa = XCConfigurationList;
			buildConfigurations = (
				6D8F36772901B7AA0076B5CC /* Debug */,
				6D8F36782901B7AA0076B5CC /* Release */,
			);
			defaultConfigurationIsVisible = 0;
			defaultConfigurationName = Release;
		};
		6D8F36792901B7AA0076B5CC /* Build configuration list for PBXNativeTarget "SampleApp" */ = {
			isa = XCConfigurationList;
			buildConfigurations = (
				6D8F367A2901B7AA0076B5CC /* Debug */,
				6D8F367B2901B7AA0076B5CC /* Release */,
			);
			defaultConfigurationIsVisible = 0;
			defaultConfigurationName = Release;
		};
/* End XCConfigurationList section */

/* Begin XCRemoteSwiftPackageReference section */
		6D8F367C2906B5570076B5CC /* XCRemoteSwiftPackageReference "metaplex-ios" */ = {
			isa = XCRemoteSwiftPackageReference;
			repositoryURL = "https://github.com/metaplex-foundation/metaplex-ios.git";
			requirement = {
				branch = main;
				kind = branch;
			};
		};
/* End XCRemoteSwiftPackageReference section */

/* Begin XCSwiftPackageProductDependency section */
		6D8F367D2906B5570076B5CC /* Metaplex */ = {
			isa = XCSwiftPackageProductDependency;
			package = 6D8F367C2906B5570076B5CC /* XCRemoteSwiftPackageReference "metaplex-ios" */;
			productName = Metaplex;
		};
/* End XCSwiftPackageProductDependency section */
	};
	rootObject = 6D8F36632901B7A90076B5CC /* Project object */;
}
